
Microsoft Visual Studio Solution File, Format Version 12.00
# Visual Studio Version 16
VisualStudioVersion = 16.0.30611.23
MinimumVisualStudioVersion = 10.0.40219.1
Project("{FAE04EC0-301F-11D3-BF4B-00C04F79EFBC}") = "GZipTest", "GZipTest\GZipTest.csproj", "{2F982D84-1892-4C2D-8946-C3E86D2F579B}"
EndProject
Global
	GlobalSection(SolutionConfigurationPlatforms) = preSolution
		Debug|Any CPU = Debug|Any CPU
		Release|Any CPU = Release|Any CPU
	EndGlobalSection
	GlobalSection(ProjectConfigurationPlatforms) = postSolution
		{2F982D84-1892-4C2D-8946-C3E86D2F579B}.Debug|Any CPU.ActiveCfg = Debug|Any CPU
		{2F982D84-1892-4C2D-8946-C3E86D2F579B}.Debug|Any CPU.Build.0 = Debug|Any CPU
		{2F982D84-1892-4C2D-8946-C3E86D2F579B}.Release|Any CPU.ActiveCfg = Release|Any CPU
		{2F982D84-1892-4C2D-8946-C3E86D2F579B}.Release|Any CPU.Build.0 = Release|Any CPU
	EndGlobalSection
	GlobalSection(SolutionProperties) = preSolution
		HideSolutionNode = FALSE
	EndGlobalSection
	GlobalSection(ExtensibilityGlobals) = postSolution
		SolutionGuid = {537904E5-26FA-45CB-8A88-1048ABE03387}
	EndGlobalSection
EndGlobal
